// !$*UTF8*$!
{
	archiveVersion = 1;
	classes = {
	};
	objectVersion = 50;
	objects = {

/* Begin PBXBuildFile section */
		FC2CF2062523A7BD00F2B93B /* gpaReport.cpp in Sources */ = {isa = PBXBuildFile; fileRef = FC2CF2042523A7BD00F2B93B /* gpaReport.cpp */; };
		FC2CF2072523A7BD00F2B93B /* File.cpp in Sources */ = {isa = PBXBuildFile; fileRef = FC2CF2052523A7BD00F2B93B /* File.cpp */; };
		FC2CF20C2523A7DF00F2B93B /* Student.cpp in Sources */ = {isa = PBXBuildFile; fileRef = FC2CF20A2523A7DF00F2B93B /* Student.cpp */; };
/* End PBXBuildFile section */

/* Begin PBXCopyFilesBuildPhase section */
		FC2CF1F6252270C200F2B93B /* CopyFiles */ = {
			isa = PBXCopyFilesBuildPhase;
			buildActionMask = 2147483647;
			dstPath = /usr/share/man/man1/;
			dstSubfolderSpec = 0;
			files = (
			);
			runOnlyForDeploymentPostprocessing = 1;
		};
/* End PBXCopyFilesBuildPhase section */

/* Begin PBXFileReference section */
		FC2CF1F8252270C200F2B93B /* w2p1 */ = {isa = PBXFileReference; explicitFileType = "compiled.mach-o.executable"; includeInIndex = 0; path = w2p1; sourceTree = BUILT_PRODUCTS_DIR; };
		FC2CF2032523A7BC00F2B93B /* File.h */ = {isa = PBXFileReference; fileEncoding = 4; lastKnownFileType = sourcecode.c.h; path = File.h; sourceTree = "<group>"; };
		FC2CF2042523A7BD00F2B93B /* gpaReport.cpp */ = {isa = PBXFileReference; fileEncoding = 4; lastKnownFileType = sourcecode.cpp.cpp; path = gpaReport.cpp; sourceTree = "<group>"; };
		FC2CF2052523A7BD00F2B93B /* File.cpp */ = {isa = PBXFileReference; fileEncoding = 4; lastKnownFileType = sourcecode.cpp.cpp; path = File.cpp; sourceTree = "<group>"; };
		FC2CF20A2523A7DF00F2B93B /* Student.cpp */ = {isa = PBXFileReference; fileEncoding = 4; lastKnownFileType = sourcecode.cpp.cpp; path = Student.cpp; sourceTree = "<group>"; };
		FC2CF20B2523A7DF00F2B93B /* Student.h */ = {isa = PBXFileReference; fileEncoding = 4; lastKnownFileType = sourcecode.c.h; path = Student.h; sourceTree = "<group>"; };
		FC2CF212252483AF00F2B93B /* students.csv */ = {isa = PBXFileReference; lastKnownFileType = text; name = students.csv; path = w2p1/students.csv; sourceTree = SOURCE_ROOT; };
/* End PBXFileReference section */

/* Begin PBXFrameworksBuildPhase section */
		FC2CF1F5252270C200F2B93B /* Frameworks */ = {
			isa = PBXFrameworksBuildPhase;
			buildActionMask = 2147483647;
			files = (
			);
			runOnlyForDeploymentPostprocessing = 0;
		};
/* End PBXFrameworksBuildPhase section */

/* Begin PBXGroup section */
		FC2CF1EF252270C100F2B93B = {
			isa = PBXGroup;
			children = (
				FC2CF1FA252270C200F2B93B /* w2p1 */,
				FC2CF1F9252270C200F2B93B /* Products */,
			);
			sourceTree = "<group>";
		};
		FC2CF1F9252270C200F2B93B /* Products */ = {
			isa = PBXGroup;
			children = (
				FC2CF1F8252270C200F2B93B /* w2p1 */,
			);
			name = Products;
			sourceTree = "<group>";
		};
		FC2CF1FA252270C200F2B93B /* w2p1 */ = {
			isa = PBXGroup;
			children = (
				FC2CF2102523A80300F2B93B /* Header files */,
				FC2CF20F2523A7EE00F2B93B /* Source files */,
			);
			path = w2p1;
			sourceTree = "<group>";
		};
		FC2CF20F2523A7EE00F2B93B /* Source files */ = {
			isa = PBXGroup;
			children = (
				FC2CF20A2523A7DF00F2B93B /* Student.cpp */,
				FC2CF2052523A7BD00F2B93B /* File.cpp */,
				FC2CF2042523A7BD00F2B93B /* gpaReport.cpp */,
			);
			path = "Source files";
			sourceTree = "<group>";
		};
		FC2CF2102523A80300F2B93B /* Header files */ = {
			isa = PBXGroup;
			children = (
				FC2CF20B2523A7DF00F2B93B /* Student.h */,
				FC2CF212252483AF00F2B93B /* students.csv */,
				FC2CF2032523A7BC00F2B93B /* File.h */,
			);
			path = "Header files";
			sourceTree = "<group>";
		};
/* End PBXGroup section */

/* Begin PBXNativeTarget section */
		FC2CF1F7252270C200F2B93B /* w2p1 */ = {
			isa = PBXNativeTarget;
			buildConfigurationList = FC2CF1FF252270C200F2B93B /* Build configuration list for PBXNativeTarget "w2p1" */;
			buildPhases = (
				FC2CF1F4252270C200F2B93B /* Sources */,
				FC2CF1F5252270C200F2B93B /* Frameworks */,
				FC2CF1F6252270C200F2B93B /* CopyFiles */,
			);
			buildRules = (
			);
			dependencies = (
			);
			name = w2p1;
			productName = w2p1;
			productReference = FC2CF1F8252270C200F2B93B /* w2p1 */;
			productType = "com.apple.product-type.tool";
		};
/* End PBXNativeTarget section */

/* Begin PBXProject section */
		FC2CF1F0252270C100F2B93B /* Project object */ = {
			isa = PBXProject;
			attributes = {
				LastUpgradeCheck = 1200;
				TargetAttributes = {
					FC2CF1F7252270C200F2B93B = {
						CreatedOnToolsVersion = 12.0;
					};
				};
			};
			buildConfigurationList = FC2CF1F3252270C100F2B93B /* Build configuration list for PBXProject "w2p1" */;
			compatibilityVersion = "Xcode 9.3";
			developmentRegion = en;
			hasScannedForEncodings = 0;
			knownRegions = (
				en,
				Base,
			);
			mainGroup = FC2CF1EF252270C100F2B93B;
			productRefGroup = FC2CF1F9252270C200F2B93B /* Products */;
			projectDirPath = "";
			projectRoot = "";
			targets = (
				FC2CF1F7252270C200F2B93B /* w2p1 */,
			);
		};
/* End PBXProject section */

/* Begin PBXSourcesBuildPhase section */
		FC2CF1F4252270C200F2B93B /* Sources */ = {
			isa = PBXSourcesBuildPhase;
			buildActionMask = 2147483647;
			files = (
				FC2CF20C2523A7DF00F2B93B /* Student.cpp in Sources */,
				FC2CF2072523A7BD00F2B93B /* File.cpp in Sources */,
				FC2CF2062523A7BD00F2B93B /* gpaReport.cpp in Sources */,
			);
			runOnlyForDeploymentPostprocessing = 0;
		};
/* End PBXSourcesBuildPhase section */

/* Begin XCBuildConfiguration section */
		FC2CF1FD252270C200F2B93B /* Debug */ = {
			isa = XCBuildConfiguration;
			buildSettings = {
				ALWAYS_SEARCH_USER_PATHS = NO;
				CLANG_ANALYZER_NONNULL = YES;
				CLANG_ANALYZER_NUMBER_OBJECT_CONVERSION = YES_AGGRESSIVE;
				CLANG_CXX_LANGUAGE_STANDARD = "gnu++14";
				CLANG_CXX_LIBRARY = "libc++";
				CLANG_ENABLE_MODULES = YES;
				CLANG_ENABLE_OBJC_ARC = YES;
				CLANG_ENABLE_OBJC_WEAK = YES;
				CLANG_WARN_BLOCK_CAPTURE_AUTORELEASING = YES;
				CLANG_WARN_BOOL_CONVERSION = YES;
				CLANG_WARN_COMMA = YES;
				CLANG_WARN_CONSTANT_CONVERSION = YES;
				CLANG_WARN_DEPRECATED_OBJC_IMPLEMENTATIONS = YES;
				CLANG_WARN_DIRECT_OBJC_ISA_USAGE = YES_ERROR;
				CLANG_WARN_DOCUMENTATION_COMMENTS = YES;
				CLANG_WARN_EMPTY_BODY = YES;
				CLANG_WARN_ENUM_CONVERSION = YES;
				CLANG_WARN_INFINITE_RECURSION = YES;
				CLANG_WARN_INT_CONVERSION = YES;
				CLANG_WARN_NON_LITERAL_NULL_CONVERSION = YES;
				CLANG_WARN_OBJC_IMPLICIT_RETAIN_SELF = YES;
				CLANG_WARN_OBJC_LITERAL_CONVERSION = YES;
				CLANG_WARN_OBJC_ROOT_CLASS = YES_ERROR;
				CLANG_WARN_QUOTED_INCLUDE_IN_FRAMEWORK_HEADER = YES;
				CLANG_WARN_RANGE_LOOP_ANALYSIS = YES;
				CLANG_WARN_STRICT_PROTOTYPES = YES;
				CLANG_WARN_SUSPICIOUS_MOVE = YES;
				CLANG_WARN_UNGUARDED_AVAILABILITY = YES_AGGRESSIVE;
				CLANG_WARN_UNREACHABLE_CODE = YES;
				CLANG_WARN__DUPLICATE_METHOD_MATCH = YES;
				COPY_PHASE_STRIP = NO;
				DEBUG_INFORMATION_FORMAT = dwarf;
				ENABLE_STRICT_OBJC_MSGSEND = YES;
				ENABLE_TESTABILITY = YES;
				GCC_C_LANGUAGE_STANDARD = gnu11;
				GCC_DYNAMIC_NO_PIC = NO;
				GCC_NO_COMMON_BLOCKS = YES;
				GCC_OPTIMIZATION_LEVEL = 0;
				GCC_PREPROCESSOR_DEFINITIONS = (
					"DEBUG=1",
					"$(inherited)",
				);
				GCC_WARN_64_TO_32_BIT_CONVERSION = YES;
				GCC_WARN_ABOUT_RETURN_TYPE = YES_ERROR;
				GCC_WARN_UNDECLARED_SELECTOR = YES;
				GCC_WARN_UNINITIALIZED_AUTOS = YES_AGGRESSIVE;
				GCC_WARN_UNUSED_FUNCTION = YES;
				GCC_WARN_UNUSED_VARIABLE = YES;
				MACOSX_DEPLOYMENT_TARGET = 10.15;
				MTL_ENABLE_DEBUG_INFO = INCLUDE_SOURCE;
				MTL_FAST_MATH = YES;
				ONLY_ACTIVE_ARCH = YES;
				SDKROOT = macosx;
			};
			name = Debug;
		};
		FC2CF1FE252270C200F2B93B /* Release */ = {
			isa = XCBuildConfiguration;
			buildSettings = {
				ALWAYS_SEARCH_USER_PATHS = NO;
				CLANG_ANALYZER_NONNULL = YES;
				CLANG_ANALYZER_NUMBER_OBJECT_CONVERSION = YES_AGGRESSIVE;
				CLANG_CXX_LANGUAGE_STANDARD = "gnu++14";
				CLANG_CXX_LIBRARY = "libc++";
				CLANG_ENABLE_MODULES = YES;
				CLANG_ENABLE_OBJC_ARC = YES;
				CLANG_ENABLE_OBJC_WEAK = YES;
				CLANG_WARN_BLOCK_CAPTURE_AUTORELEASING = YES;
				CLANG_WARN_BOOL_CONVERSION = YES;
				CLANG_WARN_COMMA = YES;
				CLANG_WARN_CONSTANT_CONVERSION = YES;
				CLANG_WARN_DEPRECATED_OBJC_IMPLEMENTATIONS = YES;
				CLANG_WARN_DIRECT_OBJC_ISA_USAGE = YES_ERROR;
				CLANG_WARN_DOCUMENTATION_COMMENTS = YES;
				CLANG_WARN_EMPTY_BODY = YES;
				CLANG_WARN_ENUM_CONVERSION = YES;
				CLANG_WARN_INFINITE_RECURSION = YES;
				CLANG_WARN_INT_CONVERSION = YES;
				CLANG_WARN_NON_LITERAL_NULL_CONVERSION = YES;
				CLANG_WARN_OBJC_IMPLICIT_RETAIN_SELF = YES;
				CLANG_WARN_OBJC_LITERAL_CONVERSION = YES;
				CLANG_WARN_OBJC_ROOT_CLASS = YES_ERROR;
				CLANG_WARN_QUOTED_INCLUDE_IN_FRAMEWORK_HEADER = YES;
				CLANG_WARN_RANGE_LOOP_ANALYSIS = YES;
				CLANG_WARN_STRICT_PROTOTYPES = YES;
				CLANG_WARN_SUSPICIOUS_MOVE = YES;
				CLANG_WARN_UNGUARDED_AVAILABILITY = YES_AGGRESSIVE;
				CLANG_WARN_UNREACHABLE_CODE = YES;
				CLANG_WARN__DUPLICATE_METHOD_MATCH = YES;
				COPY_PHASE_STRIP = NO;
				DEBUG_INFORMATION_FORMAT = "dwarf-with-dsym";
				ENABLE_NS_ASSERTIONS = NO;
				ENABLE_STRICT_OBJC_MSGSEND = YES;
				GCC_C_LANGUAGE_STANDARD = gnu11;
				GCC_NO_COMMON_BLOCKS = YES;
				GCC_WARN_64_TO_32_BIT_CONVERSION = YES;
				GCC_WARN_ABOUT_RETURN_TYPE = YES_ERROR;
				GCC_WARN_UNDECLARED_SELECTOR = YES;
				GCC_WARN_UNINITIALIZED_AUTOS = YES_AGGRESSIVE;
				GCC_WARN_UNUSED_FUNCTION = YES;
				GCC_WARN_UNUSED_VARIABLE = YES;
				MACOSX_DEPLOYMENT_TARGET = 10.15;
				MTL_ENABLE_DEBUG_INFO = NO;
				MTL_FAST_MATH = YES;
				SDKROOT = macosx;
			};
			name = Release;
		};
		FC2CF200252270C200F2B93B /* Debug */ = {
			isa = XCBuildConfiguration;
			buildSettings = {
				CODE_SIGN_STYLE = Automatic;
				PRODUCT_NAME = "$(TARGET_NAME)";
			};
			name = Debug;
		};
		FC2CF201252270C200F2B93B /* Release */ = {
			isa = XCBuildConfiguration;
			buildSettings = {
				CODE_SIGN_STYLE = Automatic;
				PRODUCT_NAME = "$(TARGET_NAME)";
			};
			name = Release;
		};
/* End XCBuildConfiguration section */

/* Begin XCConfigurationList section */
		FC2CF1F3252270C100F2B93B /* Build configuration list for PBXProject "w2p1" */ = {
			isa = XCConfigurationList;
			buildConfigurations = (
				FC2CF1FD252270C200F2B93B /* Debug */,
				FC2CF1FE252270C200F2B93B /* Release */,
			);
			defaultConfigurationIsVisible = 0;
			defaultConfigurationName = Release;
		};
		FC2CF1FF252270C200F2B93B /* Build configuration list for PBXNativeTarget "w2p1" */ = {
			isa = XCConfigurationList;
			buildConfigurations = (
				FC2CF200252270C200F2B93B /* Debug */,
				FC2CF201252270C200F2B93B /* Release */,
			);
			defaultConfigurationIsVisible = 0;
			defaultConfigurationName = Release;
		};
/* End XCConfigurationList section */
	};
	rootObject = FC2CF1F0252270C100F2B93B /* Project object */;
}
