// !$*UTF8*$!
{
	archiveVersion = 1;
	classes = {
	};
	objectVersion = 50;
	objects = {

/* Begin PBXBuildFile section */
		FC142A542519EF5E008CC934 /* 50Best.cpp in Sources */ = {isa = PBXBuildFile; fileRef = FC142A532519EF5E008CC934 /* 50Best.cpp */; };
		FC142A582519EF71008CC934 /* File.cpp in Sources */ = {isa = PBXBuildFile; fileRef = FC142A562519EF71008CC934 /* File.cpp */; };
		FC142A5C2519EF8F008CC934 /* Movie.cpp in Sources */ = {isa = PBXBuildFile; fileRef = FC142A5A2519EF8F008CC934 /* Movie.cpp */; };
/* End PBXBuildFile section */

/* Begin PBXCopyFilesBuildPhase section */
		FC142A412519E99C008CC934 /* CopyFiles */ = {
			isa = PBXCopyFilesBuildPhase;
			buildActionMask = 2147483647;
			dstPath = /usr/share/man/man1/;
			dstSubfolderSpec = 0;
			files = (
			);
			runOnlyForDeploymentPostprocessing = 1;
		};
/* End PBXCopyFilesBuildPhase section */

/* Begin PBXFileReference section */
		FC142A432519E99C008CC934 /* w1p1.cpp */ = {isa = PBXFileReference; explicitFileType = "compiled.mach-o.executable"; includeInIndex = 0; path = w1p1.cpp; sourceTree = BUILT_PRODUCTS_DIR; };
		FC142A532519EF5E008CC934 /* 50Best.cpp */ = {isa = PBXFileReference; lastKnownFileType = sourcecode.cpp.cpp; path = 50Best.cpp; sourceTree = "<group>"; };
		FC142A562519EF71008CC934 /* File.cpp */ = {isa = PBXFileReference; lastKnownFileType = sourcecode.cpp.cpp; name = File.cpp; path = "w1p1.cpp/Source Files/File.cpp"; sourceTree = SOURCE_ROOT; };
		FC142A572519EF71008CC934 /* File.h */ = {isa = PBXFileReference; lastKnownFileType = sourcecode.c.h; name = File.h; path = "w1p1.cpp/Header Files/File.h"; sourceTree = SOURCE_ROOT; };
		FC142A5A2519EF8F008CC934 /* Movie.cpp */ = {isa = PBXFileReference; lastKnownFileType = sourcecode.cpp.cpp; path = Movie.cpp; sourceTree = "<group>"; };
		FC142A5B2519EF8F008CC934 /* Movie.h */ = {isa = PBXFileReference; lastKnownFileType = sourcecode.c.h; path = Movie.h; sourceTree = "<group>"; };
		FC142A70251AF6B6008CC934 /* movies.dat */ = {isa = PBXFileReference; lastKnownFileType = text; path = movies.dat; sourceTree = "<group>"; };
/* End PBXFileReference section */

/* Begin PBXFrameworksBuildPhase section */
		FC142A402519E99C008CC934 /* Frameworks */ = {
			isa = PBXFrameworksBuildPhase;
			buildActionMask = 2147483647;
			files = (
			);
			runOnlyForDeploymentPostprocessing = 0;
		};
/* End PBXFrameworksBuildPhase section */

/* Begin PBXGroup section */
		FC142A3A2519E99C008CC934 = {
			isa = PBXGroup;
			children = (
				FC142A452519E99C008CC934 /* w1p1.cpp */,
				FC142A442519E99C008CC934 /* Products */,
			);
			sourceTree = "<group>";
		};
		FC142A442519E99C008CC934 /* Products */ = {
			isa = PBXGroup;
			children = (
				FC142A432519E99C008CC934 /* w1p1.cpp */,
			);
			name = Products;
			sourceTree = "<group>";
		};
		FC142A452519E99C008CC934 /* w1p1.cpp */ = {
			isa = PBXGroup;
			children = (
				FC142A5F2519F082008CC934 /* Source Files */,
				FC142A5E2519EFDE008CC934 /* Header Files */,
			);
			path = w1p1.cpp;
			sourceTree = "<group>";
		};
		FC142A5E2519EFDE008CC934 /* Header Files */ = {
			isa = PBXGroup;
			children = (
				FC142A572519EF71008CC934 /* File.h */,
				FC142A5B2519EF8F008CC934 /* Movie.h */,
			);
			path = "Header Files";
			sourceTree = "<group>";
		};
		FC142A5F2519F082008CC934 /* Source Files */ = {
			isa = PBXGroup;
			children = (
				FC142A532519EF5E008CC934 /* 50Best.cpp */,
				FC142A562519EF71008CC934 /* File.cpp */,
				FC142A5A2519EF8F008CC934 /* Movie.cpp */,
				FC142A70251AF6B6008CC934 /* movies.dat */,
			);
			path = "Source Files";
			sourceTree = "<group>";
		};
/* End PBXGroup section */

/* Begin PBXNativeTarget section */
		FC142A422519E99C008CC934 /* w1p1.cpp */ = {
			isa = PBXNativeTarget;
			buildConfigurationList = FC142A4A2519E99C008CC934 /* Build configuration list for PBXNativeTarget "w1p1.cpp" */;
			buildPhases = (
				FC142A3F2519E99C008CC934 /* Sources */,
				FC142A402519E99C008CC934 /* Frameworks */,
				FC142A412519E99C008CC934 /* CopyFiles */,
			);
			buildRules = (
			);
			dependencies = (
			);
			name = w1p1.cpp;
			productName = w1p1.cpp;
			productReference = FC142A432519E99C008CC934 /* w1p1.cpp */;
			productType = "com.apple.product-type.tool";
		};
/* End PBXNativeTarget section */

/* Begin PBXProject section */
		FC142A3B2519E99C008CC934 /* Project object */ = {
			isa = PBXProject;
			attributes = {
				LastUpgradeCheck = 1200;
				TargetAttributes = {
					FC142A422519E99C008CC934 = {
						CreatedOnToolsVersion = 12.0;
					};
				};
			};
			buildConfigurationList = FC142A3E2519E99C008CC934 /* Build configuration list for PBXProject "w1p1.cpp" */;
			compatibilityVersion = "Xcode 9.3";
			developmentRegion = en;
			hasScannedForEncodings = 0;
			knownRegions = (
				en,
				Base,
			);
			mainGroup = FC142A3A2519E99C008CC934;
			productRefGroup = FC142A442519E99C008CC934 /* Products */;
			projectDirPath = "";
			projectRoot = "";
			targets = (
				FC142A422519E99C008CC934 /* w1p1.cpp */,
			);
		};
/* End PBXProject section */

/* Begin PBXSourcesBuildPhase section */
		FC142A3F2519E99C008CC934 /* Sources */ = {
			isa = PBXSourcesBuildPhase;
			buildActionMask = 2147483647;
			files = (
				FC142A582519EF71008CC934 /* File.cpp in Sources */,
				FC142A542519EF5E008CC934 /* 50Best.cpp in Sources */,
				FC142A5C2519EF8F008CC934 /* Movie.cpp in Sources */,
			);
			runOnlyForDeploymentPostprocessing = 0;
		};
/* End PBXSourcesBuildPhase section */

/* Begin XCBuildConfiguration section */
		FC142A482519E99C008CC934 /* Debug */ = {
			isa = XCBuildConfiguration;
			buildSettings = {
				ALWAYS_SEARCH_USER_PATHS = NO;
				CLANG_ANALYZER_NONNULL = YES;
				CLANG_ANALYZER_NUMBER_OBJECT_CONVERSION = YES_AGGRESSIVE;
				CLANG_CXX_LANGUAGE_STANDARD = "gnu++14";
				CLANG_CXX_LIBRARY = "libc++";
				CLANG_ENABLE_MODULES = YES;
				CLANG_ENABLE_OBJC_ARC = YES;
				CLANG_ENABLE_OBJC_WEAK = YES;
				CLANG_WARN_BLOCK_CAPTURE_AUTORELEASING = YES;
				CLANG_WARN_BOOL_CONVERSION = YES;
				CLANG_WARN_COMMA = YES;
				CLANG_WARN_CONSTANT_CONVERSION = YES;
				CLANG_WARN_DEPRECATED_OBJC_IMPLEMENTATIONS = YES;
				CLANG_WARN_DIRECT_OBJC_ISA_USAGE = YES_ERROR;
				CLANG_WARN_DOCUMENTATION_COMMENTS = YES;
				CLANG_WARN_EMPTY_BODY = YES;
				CLANG_WARN_ENUM_CONVERSION = YES;
				CLANG_WARN_INFINITE_RECURSION = YES;
				CLANG_WARN_INT_CONVERSION = YES;
				CLANG_WARN_NON_LITERAL_NULL_CONVERSION = YES;
				CLANG_WARN_OBJC_IMPLICIT_RETAIN_SELF = YES;
				CLANG_WARN_OBJC_LITERAL_CONVERSION = YES;
				CLANG_WARN_OBJC_ROOT_CLASS = YES_ERROR;
				CLANG_WARN_QUOTED_INCLUDE_IN_FRAMEWORK_HEADER = YES;
				CLANG_WARN_RANGE_LOOP_ANALYSIS = YES;
				CLANG_WARN_STRICT_PROTOTYPES = YES;
				CLANG_WARN_SUSPICIOUS_MOVE = YES;
				CLANG_WARN_UNGUARDED_AVAILABILITY = YES_AGGRESSIVE;
				CLANG_WARN_UNREACHABLE_CODE = YES;
				CLANG_WARN__DUPLICATE_METHOD_MATCH = YES;
				COPY_PHASE_STRIP = NO;
				DEBUG_INFORMATION_FORMAT = dwarf;
				ENABLE_STRICT_OBJC_MSGSEND = YES;
				ENABLE_TESTABILITY = YES;
				GCC_C_LANGUAGE_STANDARD = gnu11;
				GCC_DYNAMIC_NO_PIC = NO;
				GCC_NO_COMMON_BLOCKS = YES;
				GCC_OPTIMIZATION_LEVEL = 0;
				GCC_PREPROCESSOR_DEFINITIONS = (
					"DEBUG=1",
					"$(inherited)",
				);
				GCC_WARN_64_TO_32_BIT_CONVERSION = YES;
				GCC_WARN_ABOUT_RETURN_TYPE = YES_ERROR;
				GCC_WARN_UNDECLARED_SELECTOR = YES;
				GCC_WARN_UNINITIALIZED_AUTOS = YES_AGGRESSIVE;
				GCC_WARN_UNUSED_FUNCTION = YES;
				GCC_WARN_UNUSED_VARIABLE = YES;
				MACOSX_DEPLOYMENT_TARGET = 10.15;
				MTL_ENABLE_DEBUG_INFO = INCLUDE_SOURCE;
				MTL_FAST_MATH = YES;
				ONLY_ACTIVE_ARCH = YES;
				SDKROOT = macosx;
			};
			name = Debug;
		};
		FC142A492519E99C008CC934 /* Release */ = {
			isa = XCBuildConfiguration;
			buildSettings = {
				ALWAYS_SEARCH_USER_PATHS = NO;
				CLANG_ANALYZER_NONNULL = YES;
				CLANG_ANALYZER_NUMBER_OBJECT_CONVERSION = YES_AGGRESSIVE;
				CLANG_CXX_LANGUAGE_STANDARD = "gnu++14";
				CLANG_CXX_LIBRARY = "libc++";
				CLANG_ENABLE_MODULES = YES;
				CLANG_ENABLE_OBJC_ARC = YES;
				CLANG_ENABLE_OBJC_WEAK = YES;
				CLANG_WARN_BLOCK_CAPTURE_AUTORELEASING = YES;
				CLANG_WARN_BOOL_CONVERSION = YES;
				CLANG_WARN_COMMA = YES;
				CLANG_WARN_CONSTANT_CONVERSION = YES;
				CLANG_WARN_DEPRECATED_OBJC_IMPLEMENTATIONS = YES;
				CLANG_WARN_DIRECT_OBJC_ISA_USAGE = YES_ERROR;
				CLANG_WARN_DOCUMENTATION_COMMENTS = YES;
				CLANG_WARN_EMPTY_BODY = YES;
				CLANG_WARN_ENUM_CONVERSION = YES;
				CLANG_WARN_INFINITE_RECURSION = YES;
				CLANG_WARN_INT_CONVERSION = YES;
				CLANG_WARN_NON_LITERAL_NULL_CONVERSION = YES;
				CLANG_WARN_OBJC_IMPLICIT_RETAIN_SELF = YES;
				CLANG_WARN_OBJC_LITERAL_CONVERSION = YES;
				CLANG_WARN_OBJC_ROOT_CLASS = YES_ERROR;
				CLANG_WARN_QUOTED_INCLUDE_IN_FRAMEWORK_HEADER = YES;
				CLANG_WARN_RANGE_LOOP_ANALYSIS = YES;
				CLANG_WARN_STRICT_PROTOTYPES = YES;
				CLANG_WARN_SUSPICIOUS_MOVE = YES;
				CLANG_WARN_UNGUARDED_AVAILABILITY = YES_AGGRESSIVE;
				CLANG_WARN_UNREACHABLE_CODE = YES;
				CLANG_WARN__DUPLICATE_METHOD_MATCH = YES;
				COPY_PHASE_STRIP = NO;
				DEBUG_INFORMATION_FORMAT = "dwarf-with-dsym";
				ENABLE_NS_ASSERTIONS = NO;
				ENABLE_STRICT_OBJC_MSGSEND = YES;
				GCC_C_LANGUAGE_STANDARD = gnu11;
				GCC_NO_COMMON_BLOCKS = YES;
				GCC_WARN_64_TO_32_BIT_CONVERSION = YES;
				GCC_WARN_ABOUT_RETURN_TYPE = YES_ERROR;
				GCC_WARN_UNDECLARED_SELECTOR = YES;
				GCC_WARN_UNINITIALIZED_AUTOS = YES_AGGRESSIVE;
				GCC_WARN_UNUSED_FUNCTION = YES;
				GCC_WARN_UNUSED_VARIABLE = YES;
				MACOSX_DEPLOYMENT_TARGET = 10.15;
				MTL_ENABLE_DEBUG_INFO = NO;
				MTL_FAST_MATH = YES;
				SDKROOT = macosx;
			};
			name = Release;
		};
		FC142A4B2519E99C008CC934 /* Debug */ = {
			isa = XCBuildConfiguration;
			buildSettings = {
				CODE_SIGN_STYLE = Automatic;
				GCC_NO_COMMON_BLOCKS = YES;
				PRODUCT_NAME = "$(TARGET_NAME)";
			};
			name = Debug;
		};
		FC142A4C2519E99C008CC934 /* Release */ = {
			isa = XCBuildConfiguration;
			buildSettings = {
				CODE_SIGN_STYLE = Automatic;
				GCC_NO_COMMON_BLOCKS = YES;
				PRODUCT_NAME = "$(TARGET_NAME)";
			};
			name = Release;
		};
/* End XCBuildConfiguration section */

/* Begin XCConfigurationList section */
		FC142A3E2519E99C008CC934 /* Build configuration list for PBXProject "w1p1.cpp" */ = {
			isa = XCConfigurationList;
			buildConfigurations = (
				FC142A482519E99C008CC934 /* Debug */,
				FC142A492519E99C008CC934 /* Release */,
			);
			defaultConfigurationIsVisible = 0;
			defaultConfigurationName = Release;
		};
		FC142A4A2519E99C008CC934 /* Build configuration list for PBXNativeTarget "w1p1.cpp" */ = {
			isa = XCConfigurationList;
			buildConfigurations = (
				FC142A4B2519E99C008CC934 /* Debug */,
				FC142A4C2519E99C008CC934 /* Release */,
			);
			defaultConfigurationIsVisible = 0;
			defaultConfigurationName = Release;
		};
/* End XCConfigurationList section */
	};
	rootObject = FC142A3B2519E99C008CC934 /* Project object */;
}
