// !$*UTF8*$!
{
	archiveVersion = 1;
	classes = {
	};
	objectVersion = 50;
	objects = {

/* Begin PBXBuildFile section */
		FC247679251EAF7C008AF4C5 /* SchoolDir.cpp in Sources */ = {isa = PBXBuildFile; fileRef = FC247678251EAF7C008AF4C5 /* SchoolDir.cpp */; };
		FC247682251EB229008AF4C5 /* File.cpp in Sources */ = {isa = PBXBuildFile; fileRef = FC247680251EB229008AF4C5 /* File.cpp */; };
		FC247687251EB239008AF4C5 /* School.cpp in Sources */ = {isa = PBXBuildFile; fileRef = FC247685251EB239008AF4C5 /* School.cpp */; };
/* End PBXBuildFile section */

/* Begin PBXCopyFilesBuildPhase section */
		FC247673251EAF7C008AF4C5 /* CopyFiles */ = {
			isa = PBXCopyFilesBuildPhase;
			buildActionMask = 2147483647;
			dstPath = /usr/share/man/man1/;
			dstSubfolderSpec = 0;
			files = (
			);
			runOnlyForDeploymentPostprocessing = 1;
		};
/* End PBXCopyFilesBuildPhase section */

/* Begin PBXFileReference section */
		FC247675251EAF7C008AF4C5 /* w1p2 */ = {isa = PBXFileReference; explicitFileType = "compiled.mach-o.executable"; includeInIndex = 0; path = w1p2; sourceTree = BUILT_PRODUCTS_DIR; };
		FC247678251EAF7C008AF4C5 /* SchoolDir.cpp */ = {isa = PBXFileReference; lastKnownFileType = sourcecode.cpp.cpp; path = SchoolDir.cpp; sourceTree = "<group>"; };
		FC247680251EB229008AF4C5 /* File.cpp */ = {isa = PBXFileReference; lastKnownFileType = sourcecode.cpp.cpp; path = File.cpp; sourceTree = "<group>"; };
		FC247681251EB229008AF4C5 /* File.h */ = {isa = PBXFileReference; lastKnownFileType = sourcecode.c.h; path = File.h; sourceTree = "<group>"; };
		FC247685251EB239008AF4C5 /* School.cpp */ = {isa = PBXFileReference; lastKnownFileType = sourcecode.cpp.cpp; path = School.cpp; sourceTree = "<group>"; };
		FC247686251EB239008AF4C5 /* School.h */ = {isa = PBXFileReference; lastKnownFileType = sourcecode.c.h; path = School.h; sourceTree = "<group>"; };
		FCAA9985251F16C500161757 /* schools.dat */ = {isa = PBXFileReference; lastKnownFileType = text; path = schools.dat; sourceTree = "<group>"; };
/* End PBXFileReference section */

/* Begin PBXFrameworksBuildPhase section */
		FC247672251EAF7C008AF4C5 /* Frameworks */ = {
			isa = PBXFrameworksBuildPhase;
			buildActionMask = 2147483647;
			files = (
			);
			runOnlyForDeploymentPostprocessing = 0;
		};
/* End PBXFrameworksBuildPhase section */

/* Begin PBXGroup section */
		FC24766C251EAF7C008AF4C5 = {
			isa = PBXGroup;
			children = (
				FC247677251EAF7C008AF4C5 /* w1p2 */,
				FC247676251EAF7C008AF4C5 /* Products */,
			);
			sourceTree = "<group>";
		};
		FC247676251EAF7C008AF4C5 /* Products */ = {
			isa = PBXGroup;
			children = (
				FC247675251EAF7C008AF4C5 /* w1p2 */,
			);
			name = Products;
			sourceTree = "<group>";
		};
		FC247677251EAF7C008AF4C5 /* w1p2 */ = {
			isa = PBXGroup;
			children = (
				FC24768A251EB260008AF4C5 /* Header Files */,
				FC247689251EB247008AF4C5 /* Source Files */,
			);
			path = w1p2;
			sourceTree = "<group>";
		};
		FC247689251EB247008AF4C5 /* Source Files */ = {
			isa = PBXGroup;
			children = (
				FC247678251EAF7C008AF4C5 /* SchoolDir.cpp */,
				FC247680251EB229008AF4C5 /* File.cpp */,
				FCAA9985251F16C500161757 /* schools.dat */,
				FC247685251EB239008AF4C5 /* School.cpp */,
			);
			path = "Source Files";
			sourceTree = "<group>";
		};
		FC24768A251EB260008AF4C5 /* Header Files */ = {
			isa = PBXGroup;
			children = (
				FC247686251EB239008AF4C5 /* School.h */,
				FC247681251EB229008AF4C5 /* File.h */,
			);
			path = "Header Files";
			sourceTree = "<group>";
		};
/* End PBXGroup section */

/* Begin PBXNativeTarget section */
		FC247674251EAF7C008AF4C5 /* w1p2 */ = {
			isa = PBXNativeTarget;
			buildConfigurationList = FC24767C251EAF7C008AF4C5 /* Build configuration list for PBXNativeTarget "w1p2" */;
			buildPhases = (
				FC247671251EAF7C008AF4C5 /* Sources */,
				FC247672251EAF7C008AF4C5 /* Frameworks */,
				FC247673251EAF7C008AF4C5 /* CopyFiles */,
			);
			buildRules = (
			);
			dependencies = (
			);
			name = w1p2;
			productName = w1p2;
			productReference = FC247675251EAF7C008AF4C5 /* w1p2 */;
			productType = "com.apple.product-type.tool";
		};
/* End PBXNativeTarget section */

/* Begin PBXProject section */
		FC24766D251EAF7C008AF4C5 /* Project object */ = {
			isa = PBXProject;
			attributes = {
				LastUpgradeCheck = 1200;
				TargetAttributes = {
					FC247674251EAF7C008AF4C5 = {
						CreatedOnToolsVersion = 12.0;
					};
				};
			};
			buildConfigurationList = FC247670251EAF7C008AF4C5 /* Build configuration list for PBXProject "w1p2" */;
			compatibilityVersion = "Xcode 9.3";
			developmentRegion = en;
			hasScannedForEncodings = 0;
			knownRegions = (
				en,
				Base,
			);
			mainGroup = FC24766C251EAF7C008AF4C5;
			productRefGroup = FC247676251EAF7C008AF4C5 /* Products */;
			projectDirPath = "";
			projectRoot = "";
			targets = (
				FC247674251EAF7C008AF4C5 /* w1p2 */,
			);
		};
/* End PBXProject section */

/* Begin PBXSourcesBuildPhase section */
		FC247671251EAF7C008AF4C5 /* Sources */ = {
			isa = PBXSourcesBuildPhase;
			buildActionMask = 2147483647;
			files = (
				FC247679251EAF7C008AF4C5 /* SchoolDir.cpp in Sources */,
				FC247682251EB229008AF4C5 /* File.cpp in Sources */,
				FC247687251EB239008AF4C5 /* School.cpp in Sources */,
			);
			runOnlyForDeploymentPostprocessing = 0;
		};
/* End PBXSourcesBuildPhase section */

/* Begin XCBuildConfiguration section */
		FC24767A251EAF7C008AF4C5 /* Debug */ = {
			isa = XCBuildConfiguration;
			buildSettings = {
				ALWAYS_SEARCH_USER_PATHS = NO;
				CLANG_ANALYZER_NONNULL = YES;
				CLANG_ANALYZER_NUMBER_OBJECT_CONVERSION = YES_AGGRESSIVE;
				CLANG_CXX_LANGUAGE_STANDARD = "gnu++14";
				CLANG_CXX_LIBRARY = "libc++";
				CLANG_ENABLE_MODULES = YES;
				CLANG_ENABLE_OBJC_ARC = YES;
				CLANG_ENABLE_OBJC_WEAK = YES;
				CLANG_WARN_BLOCK_CAPTURE_AUTORELEASING = YES;
				CLANG_WARN_BOOL_CONVERSION = YES;
				CLANG_WARN_COMMA = YES;
				CLANG_WARN_CONSTANT_CONVERSION = YES;
				CLANG_WARN_DEPRECATED_OBJC_IMPLEMENTATIONS = YES;
				CLANG_WARN_DIRECT_OBJC_ISA_USAGE = YES_ERROR;
				CLANG_WARN_DOCUMENTATION_COMMENTS = YES;
				CLANG_WARN_EMPTY_BODY = YES;
				CLANG_WARN_ENUM_CONVERSION = YES;
				CLANG_WARN_INFINITE_RECURSION = YES;
				CLANG_WARN_INT_CONVERSION = YES;
				CLANG_WARN_NON_LITERAL_NULL_CONVERSION = YES;
				CLANG_WARN_OBJC_IMPLICIT_RETAIN_SELF = YES;
				CLANG_WARN_OBJC_LITERAL_CONVERSION = YES;
				CLANG_WARN_OBJC_ROOT_CLASS = YES_ERROR;
				CLANG_WARN_QUOTED_INCLUDE_IN_FRAMEWORK_HEADER = YES;
				CLANG_WARN_RANGE_LOOP_ANALYSIS = YES;
				CLANG_WARN_STRICT_PROTOTYPES = YES;
				CLANG_WARN_SUSPICIOUS_MOVE = YES;
				CLANG_WARN_UNGUARDED_AVAILABILITY = YES_AGGRESSIVE;
				CLANG_WARN_UNREACHABLE_CODE = YES;
				CLANG_WARN__DUPLICATE_METHOD_MATCH = YES;
				COPY_PHASE_STRIP = NO;
				DEBUG_INFORMATION_FORMAT = dwarf;
				ENABLE_STRICT_OBJC_MSGSEND = YES;
				ENABLE_TESTABILITY = YES;
				GCC_C_LANGUAGE_STANDARD = gnu11;
				GCC_DYNAMIC_NO_PIC = NO;
				GCC_NO_COMMON_BLOCKS = YES;
				GCC_OPTIMIZATION_LEVEL = 0;
				GCC_PREPROCESSOR_DEFINITIONS = (
					"DEBUG=1",
					"$(inherited)",
				);
				GCC_WARN_64_TO_32_BIT_CONVERSION = YES;
				GCC_WARN_ABOUT_RETURN_TYPE = YES_ERROR;
				GCC_WARN_UNDECLARED_SELECTOR = YES;
				GCC_WARN_UNINITIALIZED_AUTOS = YES_AGGRESSIVE;
				GCC_WARN_UNUSED_FUNCTION = YES;
				GCC_WARN_UNUSED_VARIABLE = YES;
				MACOSX_DEPLOYMENT_TARGET = 10.15;
				MTL_ENABLE_DEBUG_INFO = INCLUDE_SOURCE;
				MTL_FAST_MATH = YES;
				ONLY_ACTIVE_ARCH = YES;
				SDKROOT = macosx;
			};
			name = Debug;
		};
		FC24767B251EAF7C008AF4C5 /* Release */ = {
			isa = XCBuildConfiguration;
			buildSettings = {
				ALWAYS_SEARCH_USER_PATHS = NO;
				CLANG_ANALYZER_NONNULL = YES;
				CLANG_ANALYZER_NUMBER_OBJECT_CONVERSION = YES_AGGRESSIVE;
				CLANG_CXX_LANGUAGE_STANDARD = "gnu++14";
				CLANG_CXX_LIBRARY = "libc++";
				CLANG_ENABLE_MODULES = YES;
				CLANG_ENABLE_OBJC_ARC = YES;
				CLANG_ENABLE_OBJC_WEAK = YES;
				CLANG_WARN_BLOCK_CAPTURE_AUTORELEASING = YES;
				CLANG_WARN_BOOL_CONVERSION = YES;
				CLANG_WARN_COMMA = YES;
				CLANG_WARN_CONSTANT_CONVERSION = YES;
				CLANG_WARN_DEPRECATED_OBJC_IMPLEMENTATIONS = YES;
				CLANG_WARN_DIRECT_OBJC_ISA_USAGE = YES_ERROR;
				CLANG_WARN_DOCUMENTATION_COMMENTS = YES;
				CLANG_WARN_EMPTY_BODY = YES;
				CLANG_WARN_ENUM_CONVERSION = YES;
				CLANG_WARN_INFINITE_RECURSION = YES;
				CLANG_WARN_INT_CONVERSION = YES;
				CLANG_WARN_NON_LITERAL_NULL_CONVERSION = YES;
				CLANG_WARN_OBJC_IMPLICIT_RETAIN_SELF = YES;
				CLANG_WARN_OBJC_LITERAL_CONVERSION = YES;
				CLANG_WARN_OBJC_ROOT_CLASS = YES_ERROR;
				CLANG_WARN_QUOTED_INCLUDE_IN_FRAMEWORK_HEADER = YES;
				CLANG_WARN_RANGE_LOOP_ANALYSIS = YES;
				CLANG_WARN_STRICT_PROTOTYPES = YES;
				CLANG_WARN_SUSPICIOUS_MOVE = YES;
				CLANG_WARN_UNGUARDED_AVAILABILITY = YES_AGGRESSIVE;
				CLANG_WARN_UNREACHABLE_CODE = YES;
				CLANG_WARN__DUPLICATE_METHOD_MATCH = YES;
				COPY_PHASE_STRIP = NO;
				DEBUG_INFORMATION_FORMAT = "dwarf-with-dsym";
				ENABLE_NS_ASSERTIONS = NO;
				ENABLE_STRICT_OBJC_MSGSEND = YES;
				GCC_C_LANGUAGE_STANDARD = gnu11;
				GCC_NO_COMMON_BLOCKS = YES;
				GCC_WARN_64_TO_32_BIT_CONVERSION = YES;
				GCC_WARN_ABOUT_RETURN_TYPE = YES_ERROR;
				GCC_WARN_UNDECLARED_SELECTOR = YES;
				GCC_WARN_UNINITIALIZED_AUTOS = YES_AGGRESSIVE;
				GCC_WARN_UNUSED_FUNCTION = YES;
				GCC_WARN_UNUSED_VARIABLE = YES;
				MACOSX_DEPLOYMENT_TARGET = 10.15;
				MTL_ENABLE_DEBUG_INFO = NO;
				MTL_FAST_MATH = YES;
				SDKROOT = macosx;
			};
			name = Release;
		};
		FC24767D251EAF7C008AF4C5 /* Debug */ = {
			isa = XCBuildConfiguration;
			buildSettings = {
				CODE_SIGN_STYLE = Automatic;
				PRODUCT_NAME = "$(TARGET_NAME)";
			};
			name = Debug;
		};
		FC24767E251EAF7C008AF4C5 /* Release */ = {
			isa = XCBuildConfiguration;
			buildSettings = {
				CODE_SIGN_STYLE = Automatic;
				PRODUCT_NAME = "$(TARGET_NAME)";
			};
			name = Release;
		};
/* End XCBuildConfiguration section */

/* Begin XCConfigurationList section */
		FC247670251EAF7C008AF4C5 /* Build configuration list for PBXProject "w1p2" */ = {
			isa = XCConfigurationList;
			buildConfigurations = (
				FC24767A251EAF7C008AF4C5 /* Debug */,
				FC24767B251EAF7C008AF4C5 /* Release */,
			);
			defaultConfigurationIsVisible = 0;
			defaultConfigurationName = Release;
		};
		FC24767C251EAF7C008AF4C5 /* Build configuration list for PBXNativeTarget "w1p2" */ = {
			isa = XCConfigurationList;
			buildConfigurations = (
				FC24767D251EAF7C008AF4C5 /* Debug */,
				FC24767E251EAF7C008AF4C5 /* Release */,
			);
			defaultConfigurationIsVisible = 0;
			defaultConfigurationName = Release;
		};
/* End XCConfigurationList section */
	};
	rootObject = FC24766D251EAF7C008AF4C5 /* Project object */;
}
