// !$*UTF8*$!
{
	archiveVersion = 1;
	classes = {
	};
	objectVersion = 50;
	objects = {

/* Begin PBXBuildFile section */
		FC2CF2222527B00400F2B93B /* balReport.cpp in Sources */ = {isa = PBXBuildFile; fileRef = FC2CF2212527B00400F2B93B /* balReport.cpp */; };
		FC2CF22B25281FF300F2B93B /* File.cpp in Sources */ = {isa = PBXBuildFile; fileRef = FC2CF22925281FF300F2B93B /* File.cpp */; };
		FC2CF2302528203900F2B93B /* Account.cpp in Sources */ = {isa = PBXBuildFile; fileRef = FC2CF22E2528203900F2B93B /* Account.cpp */; };
/* End PBXBuildFile section */

/* Begin PBXCopyFilesBuildPhase section */
		FC2CF21C2527B00400F2B93B /* CopyFiles */ = {
			isa = PBXCopyFilesBuildPhase;
			buildActionMask = 2147483647;
			dstPath = /usr/share/man/man1/;
			dstSubfolderSpec = 0;
			files = (
			);
			runOnlyForDeploymentPostprocessing = 1;
		};
/* End PBXCopyFilesBuildPhase section */

/* Begin PBXFileReference section */
		FC2CF21E2527B00400F2B93B /* w2p2 */ = {isa = PBXFileReference; explicitFileType = "compiled.mach-o.executable"; includeInIndex = 0; path = w2p2; sourceTree = BUILT_PRODUCTS_DIR; };
		FC2CF2212527B00400F2B93B /* balReport.cpp */ = {isa = PBXFileReference; lastKnownFileType = sourcecode.cpp.cpp; path = balReport.cpp; sourceTree = "<group>"; };
		FC2CF22925281FF300F2B93B /* File.cpp */ = {isa = PBXFileReference; lastKnownFileType = sourcecode.cpp.cpp; path = File.cpp; sourceTree = "<group>"; };
		FC2CF22A25281FF300F2B93B /* File.h */ = {isa = PBXFileReference; lastKnownFileType = sourcecode.c.h; path = File.h; sourceTree = "<group>"; };
		FC2CF22E2528203900F2B93B /* Account.cpp */ = {isa = PBXFileReference; lastKnownFileType = sourcecode.cpp.cpp; path = Account.cpp; sourceTree = "<group>"; };
		FC2CF22F2528203900F2B93B /* Account.h */ = {isa = PBXFileReference; lastKnownFileType = sourcecode.c.h; path = Account.h; sourceTree = "<group>"; };
		FC2CF234252820B000F2B93B /* accounts_test.csv */ = {isa = PBXFileReference; lastKnownFileType = text; path = accounts_test.csv; sourceTree = "<group>"; };
		FC2CF2382528616600F2B93B /* accounts.csv */ = {isa = PBXFileReference; lastKnownFileType = text; path = accounts.csv; sourceTree = "<group>"; };
/* End PBXFileReference section */

/* Begin PBXFrameworksBuildPhase section */
		FC2CF21B2527B00400F2B93B /* Frameworks */ = {
			isa = PBXFrameworksBuildPhase;
			buildActionMask = 2147483647;
			files = (
			);
			runOnlyForDeploymentPostprocessing = 0;
		};
/* End PBXFrameworksBuildPhase section */

/* Begin PBXGroup section */
		FC2CF2152527B00400F2B93B = {
			isa = PBXGroup;
			children = (
				FC2CF2202527B00400F2B93B /* w2p2 */,
				FC2CF21F2527B00400F2B93B /* Products */,
			);
			sourceTree = "<group>";
		};
		FC2CF21F2527B00400F2B93B /* Products */ = {
			isa = PBXGroup;
			children = (
				FC2CF21E2527B00400F2B93B /* w2p2 */,
			);
			name = Products;
			sourceTree = "<group>";
		};
		FC2CF2202527B00400F2B93B /* w2p2 */ = {
			isa = PBXGroup;
			children = (
				FC2CF235252820C600F2B93B /* Source files */,
				FC2CF236252820D700F2B93B /* Header files */,
				FC2CF234252820B000F2B93B /* accounts_test.csv */,
				FC2CF2382528616600F2B93B /* accounts.csv */,
			);
			path = w2p2;
			sourceTree = "<group>";
		};
		FC2CF235252820C600F2B93B /* Source files */ = {
			isa = PBXGroup;
			children = (
				FC2CF22E2528203900F2B93B /* Account.cpp */,
				FC2CF2212527B00400F2B93B /* balReport.cpp */,
				FC2CF22925281FF300F2B93B /* File.cpp */,
			);
			path = "Source files";
			sourceTree = "<group>";
		};
		FC2CF236252820D700F2B93B /* Header files */ = {
			isa = PBXGroup;
			children = (
				FC2CF22F2528203900F2B93B /* Account.h */,
				FC2CF22A25281FF300F2B93B /* File.h */,
			);
			path = "Header files";
			sourceTree = "<group>";
		};
/* End PBXGroup section */

/* Begin PBXNativeTarget section */
		FC2CF21D2527B00400F2B93B /* w2p2 */ = {
			isa = PBXNativeTarget;
			buildConfigurationList = FC2CF2252527B00400F2B93B /* Build configuration list for PBXNativeTarget "w2p2" */;
			buildPhases = (
				FC2CF21A2527B00400F2B93B /* Sources */,
				FC2CF21B2527B00400F2B93B /* Frameworks */,
				FC2CF21C2527B00400F2B93B /* CopyFiles */,
			);
			buildRules = (
			);
			dependencies = (
			);
			name = w2p2;
			productName = w2p2;
			productReference = FC2CF21E2527B00400F2B93B /* w2p2 */;
			productType = "com.apple.product-type.tool";
		};
/* End PBXNativeTarget section */

/* Begin PBXProject section */
		FC2CF2162527B00400F2B93B /* Project object */ = {
			isa = PBXProject;
			attributes = {
				LastUpgradeCheck = 1200;
				TargetAttributes = {
					FC2CF21D2527B00400F2B93B = {
						CreatedOnToolsVersion = 12.0;
					};
				};
			};
			buildConfigurationList = FC2CF2192527B00400F2B93B /* Build configuration list for PBXProject "w2p2" */;
			compatibilityVersion = "Xcode 9.3";
			developmentRegion = en;
			hasScannedForEncodings = 0;
			knownRegions = (
				en,
				Base,
			);
			mainGroup = FC2CF2152527B00400F2B93B;
			productRefGroup = FC2CF21F2527B00400F2B93B /* Products */;
			projectDirPath = "";
			projectRoot = "";
			targets = (
				FC2CF21D2527B00400F2B93B /* w2p2 */,
			);
		};
/* End PBXProject section */

/* Begin PBXSourcesBuildPhase section */
		FC2CF21A2527B00400F2B93B /* Sources */ = {
			isa = PBXSourcesBuildPhase;
			buildActionMask = 2147483647;
			files = (
				FC2CF2222527B00400F2B93B /* balReport.cpp in Sources */,
				FC2CF2302528203900F2B93B /* Account.cpp in Sources */,
				FC2CF22B25281FF300F2B93B /* File.cpp in Sources */,
			);
			runOnlyForDeploymentPostprocessing = 0;
		};
/* End PBXSourcesBuildPhase section */

/* Begin XCBuildConfiguration section */
		FC2CF2232527B00400F2B93B /* Debug */ = {
			isa = XCBuildConfiguration;
			buildSettings = {
				ALWAYS_SEARCH_USER_PATHS = NO;
				CLANG_ANALYZER_NONNULL = YES;
				CLANG_ANALYZER_NUMBER_OBJECT_CONVERSION = YES_AGGRESSIVE;
				CLANG_CXX_LANGUAGE_STANDARD = "gnu++14";
				CLANG_CXX_LIBRARY = "libc++";
				CLANG_ENABLE_MODULES = YES;
				CLANG_ENABLE_OBJC_ARC = YES;
				CLANG_ENABLE_OBJC_WEAK = YES;
				CLANG_WARN_BLOCK_CAPTURE_AUTORELEASING = YES;
				CLANG_WARN_BOOL_CONVERSION = YES;
				CLANG_WARN_COMMA = YES;
				CLANG_WARN_CONSTANT_CONVERSION = YES;
				CLANG_WARN_DEPRECATED_OBJC_IMPLEMENTATIONS = YES;
				CLANG_WARN_DIRECT_OBJC_ISA_USAGE = YES_ERROR;
				CLANG_WARN_DOCUMENTATION_COMMENTS = YES;
				CLANG_WARN_EMPTY_BODY = YES;
				CLANG_WARN_ENUM_CONVERSION = YES;
				CLANG_WARN_INFINITE_RECURSION = YES;
				CLANG_WARN_INT_CONVERSION = YES;
				CLANG_WARN_NON_LITERAL_NULL_CONVERSION = YES;
				CLANG_WARN_OBJC_IMPLICIT_RETAIN_SELF = YES;
				CLANG_WARN_OBJC_LITERAL_CONVERSION = YES;
				CLANG_WARN_OBJC_ROOT_CLASS = YES_ERROR;
				CLANG_WARN_QUOTED_INCLUDE_IN_FRAMEWORK_HEADER = YES;
				CLANG_WARN_RANGE_LOOP_ANALYSIS = YES;
				CLANG_WARN_STRICT_PROTOTYPES = YES;
				CLANG_WARN_SUSPICIOUS_MOVE = YES;
				CLANG_WARN_UNGUARDED_AVAILABILITY = YES_AGGRESSIVE;
				CLANG_WARN_UNREACHABLE_CODE = YES;
				CLANG_WARN__DUPLICATE_METHOD_MATCH = YES;
				COPY_PHASE_STRIP = NO;
				DEBUG_INFORMATION_FORMAT = dwarf;
				ENABLE_STRICT_OBJC_MSGSEND = YES;
				ENABLE_TESTABILITY = YES;
				GCC_C_LANGUAGE_STANDARD = gnu11;
				GCC_DYNAMIC_NO_PIC = NO;
				GCC_NO_COMMON_BLOCKS = YES;
				GCC_OPTIMIZATION_LEVEL = 0;
				GCC_PREPROCESSOR_DEFINITIONS = (
					"DEBUG=1",
					"$(inherited)",
				);
				GCC_WARN_64_TO_32_BIT_CONVERSION = YES;
				GCC_WARN_ABOUT_RETURN_TYPE = YES_ERROR;
				GCC_WARN_UNDECLARED_SELECTOR = YES;
				GCC_WARN_UNINITIALIZED_AUTOS = YES_AGGRESSIVE;
				GCC_WARN_UNUSED_FUNCTION = YES;
				GCC_WARN_UNUSED_VARIABLE = YES;
				MACOSX_DEPLOYMENT_TARGET = 10.15;
				MTL_ENABLE_DEBUG_INFO = INCLUDE_SOURCE;
				MTL_FAST_MATH = YES;
				ONLY_ACTIVE_ARCH = YES;
				SDKROOT = macosx;
			};
			name = Debug;
		};
		FC2CF2242527B00400F2B93B /* Release */ = {
			isa = XCBuildConfiguration;
			buildSettings = {
				ALWAYS_SEARCH_USER_PATHS = NO;
				CLANG_ANALYZER_NONNULL = YES;
				CLANG_ANALYZER_NUMBER_OBJECT_CONVERSION = YES_AGGRESSIVE;
				CLANG_CXX_LANGUAGE_STANDARD = "gnu++14";
				CLANG_CXX_LIBRARY = "libc++";
				CLANG_ENABLE_MODULES = YES;
				CLANG_ENABLE_OBJC_ARC = YES;
				CLANG_ENABLE_OBJC_WEAK = YES;
				CLANG_WARN_BLOCK_CAPTURE_AUTORELEASING = YES;
				CLANG_WARN_BOOL_CONVERSION = YES;
				CLANG_WARN_COMMA = YES;
				CLANG_WARN_CONSTANT_CONVERSION = YES;
				CLANG_WARN_DEPRECATED_OBJC_IMPLEMENTATIONS = YES;
				CLANG_WARN_DIRECT_OBJC_ISA_USAGE = YES_ERROR;
				CLANG_WARN_DOCUMENTATION_COMMENTS = YES;
				CLANG_WARN_EMPTY_BODY = YES;
				CLANG_WARN_ENUM_CONVERSION = YES;
				CLANG_WARN_INFINITE_RECURSION = YES;
				CLANG_WARN_INT_CONVERSION = YES;
				CLANG_WARN_NON_LITERAL_NULL_CONVERSION = YES;
				CLANG_WARN_OBJC_IMPLICIT_RETAIN_SELF = YES;
				CLANG_WARN_OBJC_LITERAL_CONVERSION = YES;
				CLANG_WARN_OBJC_ROOT_CLASS = YES_ERROR;
				CLANG_WARN_QUOTED_INCLUDE_IN_FRAMEWORK_HEADER = YES;
				CLANG_WARN_RANGE_LOOP_ANALYSIS = YES;
				CLANG_WARN_STRICT_PROTOTYPES = YES;
				CLANG_WARN_SUSPICIOUS_MOVE = YES;
				CLANG_WARN_UNGUARDED_AVAILABILITY = YES_AGGRESSIVE;
				CLANG_WARN_UNREACHABLE_CODE = YES;
				CLANG_WARN__DUPLICATE_METHOD_MATCH = YES;
				COPY_PHASE_STRIP = NO;
				DEBUG_INFORMATION_FORMAT = "dwarf-with-dsym";
				ENABLE_NS_ASSERTIONS = NO;
				ENABLE_STRICT_OBJC_MSGSEND = YES;
				GCC_C_LANGUAGE_STANDARD = gnu11;
				GCC_NO_COMMON_BLOCKS = YES;
				GCC_WARN_64_TO_32_BIT_CONVERSION = YES;
				GCC_WARN_ABOUT_RETURN_TYPE = YES_ERROR;
				GCC_WARN_UNDECLARED_SELECTOR = YES;
				GCC_WARN_UNINITIALIZED_AUTOS = YES_AGGRESSIVE;
				GCC_WARN_UNUSED_FUNCTION = YES;
				GCC_WARN_UNUSED_VARIABLE = YES;
				MACOSX_DEPLOYMENT_TARGET = 10.15;
				MTL_ENABLE_DEBUG_INFO = NO;
				MTL_FAST_MATH = YES;
				SDKROOT = macosx;
			};
			name = Release;
		};
		FC2CF2262527B00400F2B93B /* Debug */ = {
			isa = XCBuildConfiguration;
			buildSettings = {
				CODE_SIGN_STYLE = Automatic;
				PRODUCT_NAME = "$(TARGET_NAME)";
			};
			name = Debug;
		};
		FC2CF2272527B00400F2B93B /* Release */ = {
			isa = XCBuildConfiguration;
			buildSettings = {
				CODE_SIGN_STYLE = Automatic;
				PRODUCT_NAME = "$(TARGET_NAME)";
			};
			name = Release;
		};
/* End XCBuildConfiguration section */

/* Begin XCConfigurationList section */
		FC2CF2192527B00400F2B93B /* Build configuration list for PBXProject "w2p2" */ = {
			isa = XCConfigurationList;
			buildConfigurations = (
				FC2CF2232527B00400F2B93B /* Debug */,
				FC2CF2242527B00400F2B93B /* Release */,
			);
			defaultConfigurationIsVisible = 0;
			defaultConfigurationName = Release;
		};
		FC2CF2252527B00400F2B93B /* Build configuration list for PBXNativeTarget "w2p2" */ = {
			isa = XCConfigurationList;
			buildConfigurations = (
				FC2CF2262527B00400F2B93B /* Debug */,
				FC2CF2272527B00400F2B93B /* Release */,
			);
			defaultConfigurationIsVisible = 0;
			defaultConfigurationName = Release;
		};
/* End XCConfigurationList section */
	};
	rootObject = FC2CF2162527B00400F2B93B /* Project object */;
}
